
Microsoft Visual Studio Solution File, Format Version 12.00
# Visual Studio Version 17
VisualStudioVersion = 17.11.35312.102
MinimumVisualStudioVersion = 10.0.40219.1
Project("{2150E333-8FDC-42A3-9474-1A3956D46DE8}") = "Task0", "Task0", "{221E4711-5D40-4F6D-BB12-7353303475DC}"
EndProject
Project("{9A19103F-16F7-4668-BE54-9A1E7A4F7556}") = "Tyuiu.DyakovMS.Sprint2.Task0.V17.Lib", "Tyuiu.DyakovMS.Sprint2.Task0.V17.Lib\Tyuiu.DyakovMS.Sprint2.Task0.V17.Lib.csproj", "{A83002A9-8AF0-4113-B908-DCB284FE9925}"
EndProject
Project("{9A19103F-16F7-4668-BE54-9A1E7A4F7556}") = "Tyuiu.DyakovMS.Sprint2.Task0.V17", "Tyuiu.DyakovMS.Sprint2.Task0.V17\Tyuiu.DyakovMS.Sprint2.Task0.V17.csproj", "{FA9BCF25-FB36-4B18-9DC9-954CAD8033F9}"
EndProject
Project("{9A19103F-16F7-4668-BE54-9A1E7A4F7556}") = "Tyuiu.DyakovMS.Sprint2.Task0.V17.Test", "Tyuiu.DyakovMS.Sprint2.Task0.V17.Test\Tyuiu.DyakovMS.Sprint2.Task0.V17.Test.csproj", "{FF9FED85-9424-47C8-A76E-62A412E90D60}"
EndProject
Project("{9A19103F-16F7-4668-BE54-9A1E7A4F7556}") = "Tyuiu.DyakovMS.Sprint2.Task1.V5.Lib", "Tyuiu.DyakovMS.Sprint2.Task1.V5.Lib\Tyuiu.DyakovMS.Sprint2.Task1.V5.Lib.csproj", "{125A3FA5-AAC4-4903-97D0-6F99B06FBDFC}"
EndProject
Project("{9A19103F-16F7-4668-BE54-9A1E7A4F7556}") = "Tyuiu.DyakovMS.Sprint2.Task1.V5", "Tyuiu.DyakovMS.Sprint2.Task1.V5\Tyuiu.DyakovMS.Sprint2.Task1.V5.csproj", "{B00F8F99-4A85-4EF8-A977-7456AFE67E19}"
EndProject
Project("{9A19103F-16F7-4668-BE54-9A1E7A4F7556}") = "Tyuiu.DyakovMS.Sprint2.Task1.V5.Test", "Tyuiu.DyakovMS.Sprint2.Task1.V5.Test\Tyuiu.DyakovMS.Sprint2.Task1.V5.Test.csproj", "{8355A5F6-7CE2-471A-B123-FE8FA4D0184D}"
EndProject
Project("{2150E333-8FDC-42A3-9474-1A3956D46DE8}") = "Task1", "Task1", "{44FE45E6-DA95-48B2-BED7-F308F72936C7}"
EndProject
Project("{9A19103F-16F7-4668-BE54-9A1E7A4F7556}") = "Tyuiu.DyakovMS.Sprint2.Task2.V12.Lib", "Tyuiu.DyakovMS.Sprint2.Task2.V12.Lib\Tyuiu.DyakovMS.Sprint2.Task2.V12.Lib.csproj", "{F9D5F020-544E-496D-BD0F-49EDBE9E3B82}"
EndProject
Project("{9A19103F-16F7-4668-BE54-9A1E7A4F7556}") = "Tyuiu.DyakovMS.Sprint2.Task2.V12", "Tyuiu.DyakovMS.Sprint2.Task2.V12\Tyuiu.DyakovMS.Sprint2.Task2.V12.csproj", "{4DFC7DE5-E54E-4B11-82D7-5D04D483F94C}"
EndProject
Project("{9A19103F-16F7-4668-BE54-9A1E7A4F7556}") = "Tyuiu.DyakovMS.Sprint2.Task2.V12.Test", "Tyuiu.DyakovMS.Sprint2.Task2.V12.Test\Tyuiu.DyakovMS.Sprint2.Task2.V12.Test.csproj", "{B796E64A-0B8D-4DEF-9F4A-7BAA2E4AD837}"
EndProject
Project("{2150E333-8FDC-42A3-9474-1A3956D46DE8}") = "Task2", "Task2", "{DA27E9ED-A46A-41F7-9D69-D47F2E8BF292}"
EndProject
Global
	GlobalSection(SolutionConfigurationPlatforms) = preSolution
		Debug|Any CPU = Debug|Any CPU
		Debug|x64 = Debug|x64
		Debug|x86 = Debug|x86
		Release|Any CPU = Release|Any CPU
		Release|x64 = Release|x64
		Release|x86 = Release|x86
	EndGlobalSection
	GlobalSection(ProjectConfigurationPlatforms) = postSolution
		{A83002A9-8AF0-4113-B908-DCB284FE9925}.Debug|Any CPU.ActiveCfg = Debug|Any CPU
		{A83002A9-8AF0-4113-B908-DCB284FE9925}.Debug|Any CPU.Build.0 = Debug|Any CPU
		{A83002A9-8AF0-4113-B908-DCB284FE9925}.Debug|x64.ActiveCfg = Debug|Any CPU
		{A83002A9-8AF0-4113-B908-DCB284FE9925}.Debug|x64.Build.0 = Debug|Any CPU
		{A83002A9-8AF0-4113-B908-DCB284FE9925}.Debug|x86.ActiveCfg = Debug|Any CPU
		{A83002A9-8AF0-4113-B908-DCB284FE9925}.Debug|x86.Build.0 = Debug|Any CPU
		{A83002A9-8AF0-4113-B908-DCB284FE9925}.Release|Any CPU.ActiveCfg = Release|Any CPU
		{A83002A9-8AF0-4113-B908-DCB284FE9925}.Release|Any CPU.Build.0 = Release|Any CPU
		{A83002A9-8AF0-4113-B908-DCB284FE9925}.Release|x64.ActiveCfg = Release|Any CPU
		{A83002A9-8AF0-4113-B908-DCB284FE9925}.Release|x64.Build.0 = Release|Any CPU
		{A83002A9-8AF0-4113-B908-DCB284FE9925}.Release|x86.ActiveCfg = Release|Any CPU
		{A83002A9-8AF0-4113-B908-DCB284FE9925}.Release|x86.Build.0 = Release|Any CPU
		{FA9BCF25-FB36-4B18-9DC9-954CAD8033F9}.Debug|Any CPU.ActiveCfg = Debug|Any CPU
		{FA9BCF25-FB36-4B18-9DC9-954CAD8033F9}.Debug|Any CPU.Build.0 = Debug|Any CPU
		{FA9BCF25-FB36-4B18-9DC9-954CAD8033F9}.Debug|x64.ActiveCfg = Debug|Any CPU
		{FA9BCF25-FB36-4B18-9DC9-954CAD8033F9}.Debug|x64.Build.0 = Debug|Any CPU
		{FA9BCF25-FB36-4B18-9DC9-954CAD8033F9}.Debug|x86.ActiveCfg = Debug|Any CPU
		{FA9BCF25-FB36-4B18-9DC9-954CAD8033F9}.Debug|x86.Build.0 = Debug|Any CPU
		{FA9BCF25-FB36-4B18-9DC9-954CAD8033F9}.Release|Any CPU.ActiveCfg = Release|Any CPU
		{FA9BCF25-FB36-4B18-9DC9-954CAD8033F9}.Release|Any CPU.Build.0 = Release|Any CPU
		{FA9BCF25-FB36-4B18-9DC9-954CAD8033F9}.Release|x64.ActiveCfg = Release|Any CPU
		{FA9BCF25-FB36-4B18-9DC9-954CAD8033F9}.Release|x64.Build.0 = Release|Any CPU
		{FA9BCF25-FB36-4B18-9DC9-954CAD8033F9}.Release|x86.ActiveCfg = Release|Any CPU
		{FA9BCF25-FB36-4B18-9DC9-954CAD8033F9}.Release|x86.Build.0 = Release|Any CPU
		{FF9FED85-9424-47C8-A76E-62A412E90D60}.Debug|Any CPU.ActiveCfg = Debug|Any CPU
		{FF9FED85-9424-47C8-A76E-62A412E90D60}.Debug|Any CPU.Build.0 = Debug|Any CPU
		{FF9FED85-9424-47C8-A76E-62A412E90D60}.Debug|x64.ActiveCfg = Debug|Any CPU
		{FF9FED85-9424-47C8-A76E-62A412E90D60}.Debug|x64.Build.0 = Debug|Any CPU
		{FF9FED85-9424-47C8-A76E-62A412E90D60}.Debug|x86.ActiveCfg = Debug|Any CPU
		{FF9FED85-9424-47C8-A76E-62A412E90D60}.Debug|x86.Build.0 = Debug|Any CPU
		{FF9FED85-9424-47C8-A76E-62A412E90D60}.Release|Any CPU.ActiveCfg = Release|Any CPU
		{FF9FED85-9424-47C8-A76E-62A412E90D60}.Release|Any CPU.Build.0 = Release|Any CPU
		{FF9FED85-9424-47C8-A76E-62A412E90D60}.Release|x64.ActiveCfg = Release|Any CPU
		{FF9FED85-9424-47C8-A76E-62A412E90D60}.Release|x64.Build.0 = Release|Any CPU
		{FF9FED85-9424-47C8-A76E-62A412E90D60}.Release|x86.ActiveCfg = Release|Any CPU
		{FF9FED85-9424-47C8-A76E-62A412E90D60}.Release|x86.Build.0 = Release|Any CPU
		{125A3FA5-AAC4-4903-97D0-6F99B06FBDFC}.Debug|Any CPU.ActiveCfg = Debug|Any CPU
		{125A3FA5-AAC4-4903-97D0-6F99B06FBDFC}.Debug|Any CPU.Build.0 = Debug|Any CPU
		{125A3FA5-AAC4-4903-97D0-6F99B06FBDFC}.Debug|x64.ActiveCfg = Debug|Any CPU
		{125A3FA5-AAC4-4903-97D0-6F99B06FBDFC}.Debug|x64.Build.0 = Debug|Any CPU
		{125A3FA5-AAC4-4903-97D0-6F99B06FBDFC}.Debug|x86.ActiveCfg = Debug|Any CPU
		{125A3FA5-AAC4-4903-97D0-6F99B06FBDFC}.Debug|x86.Build.0 = Debug|Any CPU
		{125A3FA5-AAC4-4903-97D0-6F99B06FBDFC}.Release|Any CPU.ActiveCfg = Release|Any CPU
		{125A3FA5-AAC4-4903-97D0-6F99B06FBDFC}.Release|Any CPU.Build.0 = Release|Any CPU
		{125A3FA5-AAC4-4903-97D0-6F99B06FBDFC}.Release|x64.ActiveCfg = Release|Any CPU
		{125A3FA5-AAC4-4903-97D0-6F99B06FBDFC}.Release|x64.Build.0 = Release|Any CPU
		{125A3FA5-AAC4-4903-97D0-6F99B06FBDFC}.Release|x86.ActiveCfg = Release|Any CPU
		{125A3FA5-AAC4-4903-97D0-6F99B06FBDFC}.Release|x86.Build.0 = Release|Any CPU
		{B00F8F99-4A85-4EF8-A977-7456AFE67E19}.Debug|Any CPU.ActiveCfg = Debug|Any CPU
		{B00F8F99-4A85-4EF8-A977-7456AFE67E19}.Debug|Any CPU.Build.0 = Debug|Any CPU
		{B00F8F99-4A85-4EF8-A977-7456AFE67E19}.Debug|x64.ActiveCfg = Debug|Any CPU
		{B00F8F99-4A85-4EF8-A977-7456AFE67E19}.Debug|x64.Build.0 = Debug|Any CPU
		{B00F8F99-4A85-4EF8-A977-7456AFE67E19}.Debug|x86.ActiveCfg = Debug|Any CPU
		{B00F8F99-4A85-4EF8-A977-7456AFE67E19}.Debug|x86.Build.0 = Debug|Any CPU
		{B00F8F99-4A85-4EF8-A977-7456AFE67E19}.Release|Any CPU.ActiveCfg = Release|Any CPU
		{B00F8F99-4A85-4EF8-A977-7456AFE67E19}.Release|Any CPU.Build.0 = Release|Any CPU
		{B00F8F99-4A85-4EF8-A977-7456AFE67E19}.Release|x64.ActiveCfg = Release|Any CPU
		{B00F8F99-4A85-4EF8-A977-7456AFE67E19}.Release|x64.Build.0 = Release|Any CPU
		{B00F8F99-4A85-4EF8-A977-7456AFE67E19}.Release|x86.ActiveCfg = Release|Any CPU
		{B00F8F99-4A85-4EF8-A977-7456AFE67E19}.Release|x86.Build.0 = Release|Any CPU
		{8355A5F6-7CE2-471A-B123-FE8FA4D0184D}.Debug|Any CPU.ActiveCfg = Debug|Any CPU
		{8355A5F6-7CE2-471A-B123-FE8FA4D0184D}.Debug|Any CPU.Build.0 = Debug|Any CPU
		{8355A5F6-7CE2-471A-B123-FE8FA4D0184D}.Debug|x64.ActiveCfg = Debug|Any CPU
		{8355A5F6-7CE2-471A-B123-FE8FA4D0184D}.Debug|x64.Build.0 = Debug|Any CPU
		{8355A5F6-7CE2-471A-B123-FE8FA4D0184D}.Debug|x86.ActiveCfg = Debug|Any CPU
		{8355A5F6-7CE2-471A-B123-FE8FA4D0184D}.Debug|x86.Build.0 = Debug|Any CPU
		{8355A5F6-7CE2-471A-B123-FE8FA4D0184D}.Release|Any CPU.ActiveCfg = Release|Any CPU
		{8355A5F6-7CE2-471A-B123-FE8FA4D0184D}.Release|Any CPU.Build.0 = Release|Any CPU
		{8355A5F6-7CE2-471A-B123-FE8FA4D0184D}.Release|x64.ActiveCfg = Release|Any CPU
		{8355A5F6-7CE2-471A-B123-FE8FA4D0184D}.Release|x64.Build.0 = Release|Any CPU
		{8355A5F6-7CE2-471A-B123-FE8FA4D0184D}.Release|x86.ActiveCfg = Release|Any CPU
		{8355A5F6-7CE2-471A-B123-FE8FA4D0184D}.Release|x86.Build.0 = Release|Any CPU
		{F9D5F020-544E-496D-BD0F-49EDBE9E3B82}.Debug|Any CPU.ActiveCfg = Debug|Any CPU
		{F9D5F020-544E-496D-BD0F-49EDBE9E3B82}.Debug|Any CPU.Build.0 = Debug|Any CPU
		{F9D5F020-544E-496D-BD0F-49EDBE9E3B82}.Debug|x64.ActiveCfg = Debug|Any CPU
		{F9D5F020-544E-496D-BD0F-49EDBE9E3B82}.Debug|x64.Build.0 = Debug|Any CPU
		{F9D5F020-544E-496D-BD0F-49EDBE9E3B82}.Debug|x86.ActiveCfg = Debug|Any CPU
		{F9D5F020-544E-496D-BD0F-49EDBE9E3B82}.Debug|x86.Build.0 = Debug|Any CPU
		{F9D5F020-544E-496D-BD0F-49EDBE9E3B82}.Release|Any CPU.ActiveCfg = Release|Any CPU
		{F9D5F020-544E-496D-BD0F-49EDBE9E3B82}.Release|Any CPU.Build.0 = Release|Any CPU
		{F9D5F020-544E-496D-BD0F-49EDBE9E3B82}.Release|x64.ActiveCfg = Release|Any CPU
		{F9D5F020-544E-496D-BD0F-49EDBE9E3B82}.Release|x64.Build.0 = Release|Any CPU
		{F9D5F020-544E-496D-BD0F-49EDBE9E3B82}.Release|x86.ActiveCfg = Release|Any CPU
		{F9D5F020-544E-496D-BD0F-49EDBE9E3B82}.Release|x86.Build.0 = Release|Any CPU
		{4DFC7DE5-E54E-4B11-82D7-5D04D483F94C}.Debug|Any CPU.ActiveCfg = Debug|Any CPU
		{4DFC7DE5-E54E-4B11-82D7-5D04D483F94C}.Debug|Any CPU.Build.0 = Debug|Any CPU
		{4DFC7DE5-E54E-4B11-82D7-5D04D483F94C}.Debug|x64.ActiveCfg = Debug|Any CPU
		{4DFC7DE5-E54E-4B11-82D7-5D04D483F94C}.Debug|x64.Build.0 = Debug|Any CPU
		{4DFC7DE5-E54E-4B11-82D7-5D04D483F94C}.Debug|x86.ActiveCfg = Debug|Any CPU
		{4DFC7DE5-E54E-4B11-82D7-5D04D483F94C}.Debug|x86.Build.0 = Debug|Any CPU
		{4DFC7DE5-E54E-4B11-82D7-5D04D483F94C}.Release|Any CPU.ActiveCfg = Release|Any CPU
		{4DFC7DE5-E54E-4B11-82D7-5D04D483F94C}.Release|Any CPU.Build.0 = Release|Any CPU
		{4DFC7DE5-E54E-4B11-82D7-5D04D483F94C}.Release|x64.ActiveCfg = Release|Any CPU
		{4DFC7DE5-E54E-4B11-82D7-5D04D483F94C}.Release|x64.Build.0 = Release|Any CPU
		{4DFC7DE5-E54E-4B11-82D7-5D04D483F94C}.Release|x86.ActiveCfg = Release|Any CPU
		{4DFC7DE5-E54E-4B11-82D7-5D04D483F94C}.Release|x86.Build.0 = Release|Any CPU
		{B796E64A-0B8D-4DEF-9F4A-7BAA2E4AD837}.Debug|Any CPU.ActiveCfg = Debug|Any CPU
		{B796E64A-0B8D-4DEF-9F4A-7BAA2E4AD837}.Debug|Any CPU.Build.0 = Debug|Any CPU
		{B796E64A-0B8D-4DEF-9F4A-7BAA2E4AD837}.Debug|x64.ActiveCfg = Debug|Any CPU
		{B796E64A-0B8D-4DEF-9F4A-7BAA2E4AD837}.Debug|x64.Build.0 = Debug|Any CPU
		{B796E64A-0B8D-4DEF-9F4A-7BAA2E4AD837}.Debug|x86.ActiveCfg = Debug|Any CPU
		{B796E64A-0B8D-4DEF-9F4A-7BAA2E4AD837}.Debug|x86.Build.0 = Debug|Any CPU
		{B796E64A-0B8D-4DEF-9F4A-7BAA2E4AD837}.Release|Any CPU.ActiveCfg = Release|Any CPU
		{B796E64A-0B8D-4DEF-9F4A-7BAA2E4AD837}.Release|Any CPU.Build.0 = Release|Any CPU
		{B796E64A-0B8D-4DEF-9F4A-7BAA2E4AD837}.Release|x64.ActiveCfg = Release|Any CPU
		{B796E64A-0B8D-4DEF-9F4A-7BAA2E4AD837}.Release|x64.Build.0 = Release|Any CPU
		{B796E64A-0B8D-4DEF-9F4A-7BAA2E4AD837}.Release|x86.ActiveCfg = Release|Any CPU
		{B796E64A-0B8D-4DEF-9F4A-7BAA2E4AD837}.Release|x86.Build.0 = Release|Any CPU
	EndGlobalSection
	GlobalSection(SolutionProperties) = preSolution
		HideSolutionNode = FALSE
	EndGlobalSection
	GlobalSection(NestedProjects) = preSolution
		{A83002A9-8AF0-4113-B908-DCB284FE9925} = {221E4711-5D40-4F6D-BB12-7353303475DC}
		{FA9BCF25-FB36-4B18-9DC9-954CAD8033F9} = {221E4711-5D40-4F6D-BB12-7353303475DC}
		{FF9FED85-9424-47C8-A76E-62A412E90D60} = {221E4711-5D40-4F6D-BB12-7353303475DC}
		{125A3FA5-AAC4-4903-97D0-6F99B06FBDFC} = {44FE45E6-DA95-48B2-BED7-F308F72936C7}
		{B00F8F99-4A85-4EF8-A977-7456AFE67E19} = {44FE45E6-DA95-48B2-BED7-F308F72936C7}
		{8355A5F6-7CE2-471A-B123-FE8FA4D0184D} = {44FE45E6-DA95-48B2-BED7-F308F72936C7}
		{F9D5F020-544E-496D-BD0F-49EDBE9E3B82} = {DA27E9ED-A46A-41F7-9D69-D47F2E8BF292}
		{4DFC7DE5-E54E-4B11-82D7-5D04D483F94C} = {DA27E9ED-A46A-41F7-9D69-D47F2E8BF292}
		{B796E64A-0B8D-4DEF-9F4A-7BAA2E4AD837} = {DA27E9ED-A46A-41F7-9D69-D47F2E8BF292}
	EndGlobalSection
	GlobalSection(ExtensibilityGlobals) = postSolution
		SolutionGuid = {8B943843-6146-47A7-B8B0-2B614526279D}
	EndGlobalSection
EndGlobal
